{
  "name": "simple-sip-socket-softphone",
  "lockfileVersion": 3,
  "requires": true,
  "packages": {
    "": {
      "name": "simple-sip-socket-softphone",
      "devDependencies": {
        "libphonenumber-js": "1.13.13"
      }
    },
    "node_modules/libphonenumber-js": {
      "version": "1.13.13",
      "resolved": "https://registry.npmjs.org/libphonenumber-js/-/libphonenumber-js-1.13.13.tgz",
      "integrity": "sha512-hV6SmWnyQ8U1QXhhqbqYBHIStNnscG7A5XbGodgdHhf/8N5PwhYpJA5U/yHDjYwPYTd8uNGXqq416XctuvK2PA==",
      "dev": true,
      "license": "MIT"
    }
  }
}
